
Microsoft Visual Studio Solution File, Format Version 12.00
# Visual Studio Version 16
VisualStudioVersion = 16.0.33130.400
MinimumVisualStudioVersion = 10.0.40219.1
Project("{FAE04EC0-301F-11D3-BF4B-00C04F79EFBC}") = "MainMatris", "MainMatris\MainMatris.csproj", "{05743C93-30CB-46B5-9796-4E57F67D187E}"
EndProject
Global
	GlobalSection(SolutionConfigurationPlatforms) = preSolution
		Debug|Any CPU = Debug|Any CPU
		Release|Any CPU = Release|Any CPU
	EndGlobalSection
	GlobalSection(ProjectConfigurationPlatforms) = postSolution
		{05743C93-30CB-46B5-9796-4E57F67D187E}.Debug|Any CPU.ActiveCfg = Debug|Any CPU
		{05743C93-30CB-46B5-9796-4E57F67D187E}.Debug|Any CPU.Build.0 = Debug|Any CPU
		{05743C93-30CB-46B5-9796-4E57F67D187E}.Release|Any CPU.ActiveCfg = Release|Any CPU
		{05743C93-30CB-46B5-9796-4E57F67D187E}.Release|Any CPU.Build.0 = Release|Any CPU
	EndGlobalSection
	GlobalSection(SolutionProperties) = preSolution
		HideSolutionNode = FALSE
	EndGlobalSection
	GlobalSection(ExtensibilityGlobals) = postSolution
		SolutionGuid = {F90BB02F-270C-4A71-9262-668A2AB9343C}
	EndGlobalSection
EndGlobal
